
Microsoft Visual Studio Solution File, Format Version 12.00
# Visual Studio Version 16
VisualStudioVersion = 16.0.32002.261
MinimumVisualStudioVersion = 10.0.40219.1
Project("{FAE04EC0-301F-11D3-BF4B-00C04F79EFBC}") = "ConsumeMusicAPI", "ConsumeMusicAPI.csproj", "{CC816682-C18A-406C-9460-9B09C35FDBCD}"
EndProject
Global
	GlobalSection(SolutionConfigurationPlatforms) = preSolution
		Debug|Any CPU = Debug|Any CPU
		Release|Any CPU = Release|Any CPU
	EndGlobalSection
	GlobalSection(ProjectConfigurationPlatforms) = postSolution
		{CC816682-C18A-406C-9460-9B09C35FDBCD}.Debug|Any CPU.ActiveCfg = Debug|Any CPU
		{CC816682-C18A-406C-9460-9B09C35FDBCD}.Debug|Any CPU.Build.0 = Debug|Any CPU
		{CC816682-C18A-406C-9460-9B09C35FDBCD}.Release|Any CPU.ActiveCfg = Release|Any CPU
		{CC816682-C18A-406C-9460-9B09C35FDBCD}.Release|Any CPU.Build.0 = Release|Any CPU
	EndGlobalSection
	GlobalSection(SolutionProperties) = preSolution
		HideSolutionNode = FALSE
	EndGlobalSection
	GlobalSection(ExtensibilityGlobals) = postSolution
		SolutionGuid = {1EBD2084-A4DA-427C-8F3B-988F47DBD88D}
	EndGlobalSection
EndGlobal
